{
  "pins" : [
    {
      "identity" : "viewinspector",
      "kind" : "remoteSourceControl",
      "location" : "https://github.com/nalexn/ViewInspector.git",
      "state" : {
        "revision" : "a1422d4749ccf7f32b1d14a9ec19ec9a0b0fd337",
        "version" : "0.9.9"
      }
    }
  ],
  "version" : 2
}
